
Microsoft Visual Studio Solution File, Format Version 12.00
# Visual Studio 2013
VisualStudioVersion = 12.0.21005.1
MinimumVisualStudioVersion = 10.0.40219.1
Project("{8BC9CEB8-8B4A-11D0-8D11-00A0C91BC942}") = "DBMS", "DBMS\DBMS.vcxproj", "{95EE883A-1BD0-4AFB-B6E4-68C488512916}"
EndProject
Project("{8BC9CEB8-8B4A-11D0-8D11-00A0C91BC942}") = "Main", "Main\Main.vcxproj", "{1FC8ECE5-FAB8-4C91-AB58-2FF379D10DB6}"
EndProject
Project("{8BC9CEB8-8B4A-11D0-8D11-00A0C91BC942}") = "DBMSTester", "DBMSTester\DBMSTester.vcxproj", "{7C7E2BF8-3924-4D08-9566-D609B5CB5185}"
EndProject
Project("{8BC9CEB8-8B4A-11D0-8D11-00A0C91BC942}") = "Unit Testing", "Unit Testing\Unit Testing.vcxproj", "{B6EF5645-F7C7-4099-A63D-C4175886174D}"
EndProject
Global
	GlobalSection(SolutionConfigurationPlatforms) = preSolution
		Debug|Win32 = Debug|Win32
		Release|Win32 = Release|Win32
	EndGlobalSection
	GlobalSection(ProjectConfigurationPlatforms) = postSolution
		{95EE883A-1BD0-4AFB-B6E4-68C488512916}.Debug|Win32.ActiveCfg = Debug|Win32
		{95EE883A-1BD0-4AFB-B6E4-68C488512916}.Debug|Win32.Build.0 = Debug|Win32
		{95EE883A-1BD0-4AFB-B6E4-68C488512916}.Release|Win32.ActiveCfg = Release|Win32
		{95EE883A-1BD0-4AFB-B6E4-68C488512916}.Release|Win32.Build.0 = Release|Win32
		{1FC8ECE5-FAB8-4C91-AB58-2FF379D10DB6}.Debug|Win32.ActiveCfg = Debug|Win32
		{1FC8ECE5-FAB8-4C91-AB58-2FF379D10DB6}.Debug|Win32.Build.0 = Debug|Win32
		{1FC8ECE5-FAB8-4C91-AB58-2FF379D10DB6}.Release|Win32.ActiveCfg = Release|Win32
		{1FC8ECE5-FAB8-4C91-AB58-2FF379D10DB6}.Release|Win32.Build.0 = Release|Win32
		{7C7E2BF8-3924-4D08-9566-D609B5CB5185}.Debug|Win32.ActiveCfg = Debug|Win32
		{7C7E2BF8-3924-4D08-9566-D609B5CB5185}.Debug|Win32.Build.0 = Debug|Win32
		{7C7E2BF8-3924-4D08-9566-D609B5CB5185}.Release|Win32.ActiveCfg = Release|Win32
		{7C7E2BF8-3924-4D08-9566-D609B5CB5185}.Release|Win32.Build.0 = Release|Win32
		{B6EF5645-F7C7-4099-A63D-C4175886174D}.Debug|Win32.ActiveCfg = Debug|Win32
		{B6EF5645-F7C7-4099-A63D-C4175886174D}.Debug|Win32.Build.0 = Debug|Win32
		{B6EF5645-F7C7-4099-A63D-C4175886174D}.Release|Win32.ActiveCfg = Release|Win32
		{B6EF5645-F7C7-4099-A63D-C4175886174D}.Release|Win32.Build.0 = Release|Win32
	EndGlobalSection
	GlobalSection(SolutionProperties) = preSolution
		HideSolutionNode = FALSE
	EndGlobalSection
EndGlobal
